// !$*UTF8*$!
{
	archiveVersion = 1;
	classes = {
	};
	objectVersion = 50;
	objects = {

/* Begin PBXBuildFile section */
		485EFF0E2563172E007C5143 /* Modifiers.swift in Sources */ = {isa = PBXBuildFile; fileRef = 485EFF0D2563172E007C5143 /* Modifiers.swift */; };
		485EFF2D25631A98007C5143 /* WorkSans-VariableFont_wght.ttf in Resources */ = {isa = PBXBuildFile; fileRef = 485EFF1625631A97007C5143 /* WorkSans-VariableFont_wght.ttf */; };
		485EFF2E25631A98007C5143 /* WorkSans-Regular.ttf in Resources */ = {isa = PBXBuildFile; fileRef = 485EFF1825631A97007C5143 /* WorkSans-Regular.ttf */; };
		485EFF2F25631A98007C5143 /* WorkSans-Light.ttf in Resources */ = {isa = PBXBuildFile; fileRef = 485EFF1925631A97007C5143 /* WorkSans-Light.ttf */; };
		485EFF3025631A98007C5143 /* WorkSans-ExtraBold.ttf in Resources */ = {isa = PBXBuildFile; fileRef = 485EFF1A25631A97007C5143 /* WorkSans-ExtraBold.ttf */; };
		485EFF3125631A98007C5143 /* WorkSans-SemiBoldItalic.ttf in Resources */ = {isa = PBXBuildFile; fileRef = 485EFF1B25631A97007C5143 /* WorkSans-SemiBoldItalic.ttf */; };
		485EFF3225631A98007C5143 /* WorkSans-MediumItalic.ttf in Resources */ = {isa = PBXBuildFile; fileRef = 485EFF1C25631A97007C5143 /* WorkSans-MediumItalic.ttf */; };
		485EFF3325631A98007C5143 /* WorkSans-BoldItalic.ttf in Resources */ = {isa = PBXBuildFile; fileRef = 485EFF1D25631A97007C5143 /* WorkSans-BoldItalic.ttf */; };
		485EFF3425631A98007C5143 /* WorkSans-ExtraLight.ttf in Resources */ = {isa = PBXBuildFile; fileRef = 485EFF1E25631A97007C5143 /* WorkSans-ExtraLight.ttf */; };
		485EFF3525631A98007C5143 /* WorkSans-ThinItalic.ttf in Resources */ = {isa = PBXBuildFile; fileRef = 485EFF1F25631A97007C5143 /* WorkSans-ThinItalic.ttf */; };
		485EFF3625631A98007C5143 /* WorkSans-ExtraLightItalic.ttf in Resources */ = {isa = PBXBuildFile; fileRef = 485EFF2025631A97007C5143 /* WorkSans-ExtraLightItalic.ttf */; };
		485EFF3725631A98007C5143 /* WorkSans-Medium.ttf in Resources */ = {isa = PBXBuildFile; fileRef = 485EFF2125631A97007C5143 /* WorkSans-Medium.ttf */; };
		485EFF3825631A98007C5143 /* WorkSans-SemiBold.ttf in Resources */ = {isa = PBXBuildFile; fileRef = 485EFF2225631A97007C5143 /* WorkSans-SemiBold.ttf */; };
		485EFF3925631A98007C5143 /* WorkSans-Italic.ttf in Resources */ = {isa = PBXBuildFile; fileRef = 485EFF2325631A97007C5143 /* WorkSans-Italic.ttf */; };
		485EFF3A25631A98007C5143 /* WorkSans-BlackItalic.ttf in Resources */ = {isa = PBXBuildFile; fileRef = 485EFF2425631A97007C5143 /* WorkSans-BlackItalic.ttf */; };
		485EFF3B25631A98007C5143 /* WorkSans-Thin.ttf in Resources */ = {isa = PBXBuildFile; fileRef = 485EFF2525631A97007C5143 /* WorkSans-Thin.ttf */; };
		485EFF3C25631A98007C5143 /* WorkSans-Black.ttf in Resources */ = {isa = PBXBuildFile; fileRef = 485EFF2625631A97007C5143 /* WorkSans-Black.ttf */; };
		485EFF3D25631A98007C5143 /* WorkSans-LightItalic.ttf in Resources */ = {isa = PBXBuildFile; fileRef = 485EFF2725631A97007C5143 /* WorkSans-LightItalic.ttf */; };
		485EFF3E25631A98007C5143 /* WorkSans-ExtraBoldItalic.ttf in Resources */ = {isa = PBXBuildFile; fileRef = 485EFF2825631A97007C5143 /* WorkSans-ExtraBoldItalic.ttf */; };
		485EFF3F25631A98007C5143 /* WorkSans-Bold.ttf in Resources */ = {isa = PBXBuildFile; fileRef = 485EFF2925631A97007C5143 /* WorkSans-Bold.ttf */; };
		485EFF4025631A98007C5143 /* WorkSans-Italic-VariableFont_wght.ttf in Resources */ = {isa = PBXBuildFile; fileRef = 485EFF2A25631A97007C5143 /* WorkSans-Italic-VariableFont_wght.ttf */; };
		485EFF4125631A98007C5143 /* OFL.txt in Resources */ = {isa = PBXBuildFile; fileRef = 485EFF2B25631A97007C5143 /* OFL.txt */; };
		485EFF4225631A98007C5143 /* README.txt in Resources */ = {isa = PBXBuildFile; fileRef = 485EFF2C25631A97007C5143 /* README.txt */; };
		48E9F10B255FE3E800775F6A /* RingView.swift in Sources */ = {isa = PBXBuildFile; fileRef = 48E9F10A255FE3E800775F6A /* RingView.swift */; };
		BD0273F5255DB6E600958F68 /* HomeView.swift in Sources */ = {isa = PBXBuildFile; fileRef = BD0273F4255DB6E600958F68 /* HomeView.swift */; };
		BD0273FA255DC67C00958F68 /* UpdateList.swift in Sources */ = {isa = PBXBuildFile; fileRef = BD0273F9255DC67C00958F68 /* UpdateList.swift */; };
		BD2B8743255C39A00061523B /* AppDelegate.swift in Sources */ = {isa = PBXBuildFile; fileRef = BD2B8742255C39A00061523B /* AppDelegate.swift */; };
		BD2B8745255C39A00061523B /* SceneDelegate.swift in Sources */ = {isa = PBXBuildFile; fileRef = BD2B8744255C39A00061523B /* SceneDelegate.swift */; };
		BD2B8747255C39A00061523B /* ContentView.swift in Sources */ = {isa = PBXBuildFile; fileRef = BD2B8746255C39A00061523B /* ContentView.swift */; };
		BD2B8749255C39A10061523B /* Assets.xcassets in Resources */ = {isa = PBXBuildFile; fileRef = BD2B8748255C39A10061523B /* Assets.xcassets */; };
		BD2B874C255C39A10061523B /* Preview Assets.xcassets in Resources */ = {isa = PBXBuildFile; fileRef = BD2B874B255C39A10061523B /* Preview Assets.xcassets */; };
		BD2B874F255C39A10061523B /* LaunchScreen.storyboard in Resources */ = {isa = PBXBuildFile; fileRef = BD2B874D255C39A10061523B /* LaunchScreen.storyboard */; };
		BD2B875A255C39A10061523B /* FirstAppTests.swift in Sources */ = {isa = PBXBuildFile; fileRef = BD2B8759255C39A10061523B /* FirstAppTests.swift */; };
		BD2B8765255C39A10061523B /* FirstAppUITests.swift in Sources */ = {isa = PBXBuildFile; fileRef = BD2B8764255C39A10061523B /* FirstAppUITests.swift */; };
		BD653E16255C95D20024748B /* Home.swift in Sources */ = {isa = PBXBuildFile; fileRef = BD653E15255C95D20024748B /* Home.swift */; };
		BD653E1B255C9EF00024748B /* ZoomView.swift in Sources */ = {isa = PBXBuildFile; fileRef = BD653E1A255C9EF00024748B /* ZoomView.swift */; };
		BD910116255DCF0500903A24 /* UpdateDetail.swift in Sources */ = {isa = PBXBuildFile; fileRef = BD910115255DCF0500903A24 /* UpdateDetail.swift */; };
		BD91011B255DD34B00903A24 /* UpdateStore.swift in Sources */ = {isa = PBXBuildFile; fileRef = BD91011A255DD34B00903A24 /* UpdateStore.swift */; };
		BD910120255DDA5100903A24 /* TabBar.swift in Sources */ = {isa = PBXBuildFile; fileRef = BD91011F255DDA5100903A24 /* TabBar.swift */; };
		BDA750D2255F2008008B03F0 /* GridView.swift in Sources */ = {isa = PBXBuildFile; fileRef = BDA750D1255F2008008B03F0 /* GridView.swift */; };
		BDE0822F255C70FC002522FD /* MenuView.swift in Sources */ = {isa = PBXBuildFile; fileRef = BDE0822E255C70FC002522FD /* MenuView.swift */; };
/* End PBXBuildFile section */

/* Begin PBXContainerItemProxy section */
		BD2B8756255C39A10061523B /* PBXContainerItemProxy */ = {
			isa = PBXContainerItemProxy;
			containerPortal = BD2B8737255C39A00061523B /* Project object */;
			proxyType = 1;
			remoteGlobalIDString = BD2B873E255C39A00061523B;
			remoteInfo = FirstApp;
		};
		BD2B8761255C39A10061523B /* PBXContainerItemProxy */ = {
			isa = PBXContainerItemProxy;
			containerPortal = BD2B8737255C39A00061523B /* Project object */;
			proxyType = 1;
			remoteGlobalIDString = BD2B873E255C39A00061523B;
			remoteInfo = FirstApp;
		};
/* End PBXContainerItemProxy section */

/* Begin PBXFileReference section */
		485EFF0D2563172E007C5143 /* Modifiers.swift */ = {isa = PBXFileReference; lastKnownFileType = sourcecode.swift; path = Modifiers.swift; sourceTree = "<group>"; };
		485EFF1625631A97007C5143 /* WorkSans-VariableFont_wght.ttf */ = {isa = PBXFileReference; lastKnownFileType = file; path = "WorkSans-VariableFont_wght.ttf"; sourceTree = "<group>"; };
		485EFF1825631A97007C5143 /* WorkSans-Regular.ttf */ = {isa = PBXFileReference; lastKnownFileType = file; path = "WorkSans-Regular.ttf"; sourceTree = "<group>"; };
		485EFF1925631A97007C5143 /* WorkSans-Light.ttf */ = {isa = PBXFileReference; lastKnownFileType = file; path = "WorkSans-Light.ttf"; sourceTree = "<group>"; };
		485EFF1A25631A97007C5143 /* WorkSans-ExtraBold.ttf */ = {isa = PBXFileReference; lastKnownFileType = file; path = "WorkSans-ExtraBold.ttf"; sourceTree = "<group>"; };
		485EFF1B25631A97007C5143 /* WorkSans-SemiBoldItalic.ttf */ = {isa = PBXFileReference; lastKnownFileType = file; path = "WorkSans-SemiBoldItalic.ttf"; sourceTree = "<group>"; };
		485EFF1C25631A97007C5143 /* WorkSans-MediumItalic.ttf */ = {isa = PBXFileReference; lastKnownFileType = file; path = "WorkSans-MediumItalic.ttf"; sourceTree = "<group>"; };
		485EFF1D25631A97007C5143 /* WorkSans-BoldItalic.ttf */ = {isa = PBXFileReference; lastKnownFileType = file; path = "WorkSans-BoldItalic.ttf"; sourceTree = "<group>"; };
		485EFF1E25631A97007C5143 /* WorkSans-ExtraLight.ttf */ = {isa = PBXFileReference; lastKnownFileType = file; path = "WorkSans-ExtraLight.ttf"; sourceTree = "<group>"; };
		485EFF1F25631A97007C5143 /* WorkSans-ThinItalic.ttf */ = {isa = PBXFileReference; lastKnownFileType = file; path = "WorkSans-ThinItalic.ttf"; sourceTree = "<group>"; };
		485EFF2025631A97007C5143 /* WorkSans-ExtraLightItalic.ttf */ = {isa = PBXFileReference; lastKnownFileType = file; path = "WorkSans-ExtraLightItalic.ttf"; sourceTree = "<group>"; };
		485EFF2125631A97007C5143 /* WorkSans-Medium.ttf */ = {isa = PBXFileReference; lastKnownFileType = file; path = "WorkSans-Medium.ttf"; sourceTree = "<group>"; };
		485EFF2225631A97007C5143 /* WorkSans-SemiBold.ttf */ = {isa = PBXFileReference; lastKnownFileType = file; path = "WorkSans-SemiBold.ttf"; sourceTree = "<group>"; };
		485EFF2325631A97007C5143 /* WorkSans-Italic.ttf */ = {isa = PBXFileReference; lastKnownFileType = file; path = "WorkSans-Italic.ttf"; sourceTree = "<group>"; };
		485EFF2425631A97007C5143 /* WorkSans-BlackItalic.ttf */ = {isa = PBXFileReference; lastKnownFileType = file; path = "WorkSans-BlackItalic.ttf"; sourceTree = "<group>"; };
		485EFF2525631A97007C5143 /* WorkSans-Thin.ttf */ = {isa = PBXFileReference; lastKnownFileType = file; path = "WorkSans-Thin.ttf"; sourceTree = "<group>"; };
		485EFF2625631A97007C5143 /* WorkSans-Black.ttf */ = {isa = PBXFileReference; lastKnownFileType = file; path = "WorkSans-Black.ttf"; sourceTree = "<group>"; };
		485EFF2725631A97007C5143 /* WorkSans-LightItalic.ttf */ = {isa = PBXFileReference; lastKnownFileType = file; path = "WorkSans-LightItalic.ttf"; sourceTree = "<group>"; };
		485EFF2825631A97007C5143 /* WorkSans-ExtraBoldItalic.ttf */ = {isa = PBXFileReference; lastKnownFileType = file; path = "WorkSans-ExtraBoldItalic.ttf"; sourceTree = "<group>"; };
		485EFF2925631A97007C5143 /* WorkSans-Bold.ttf */ = {isa = PBXFileReference; lastKnownFileType = file; path = "WorkSans-Bold.ttf"; sourceTree = "<group>"; };
		485EFF2A25631A97007C5143 /* WorkSans-Italic-VariableFont_wght.ttf */ = {isa = PBXFileReference; lastKnownFileType = file; path = "WorkSans-Italic-VariableFont_wght.ttf"; sourceTree = "<group>"; };
		485EFF2B25631A97007C5143 /* OFL.txt */ = {isa = PBXFileReference; fileEncoding = 4; lastKnownFileType = text; path = OFL.txt; sourceTree = "<group>"; };
		485EFF2C25631A97007C5143 /* README.txt */ = {isa = PBXFileReference; fileEncoding = 4; lastKnownFileType = text; path = README.txt; sourceTree = "<group>"; };
		48E9F10A255FE3E800775F6A /* RingView.swift */ = {isa = PBXFileReference; lastKnownFileType = sourcecode.swift; path = RingView.swift; sourceTree = "<group>"; };
		BD0273F4255DB6E600958F68 /* HomeView.swift */ = {isa = PBXFileReference; lastKnownFileType = sourcecode.swift; path = HomeView.swift; sourceTree = "<group>"; };
		BD0273F9255DC67C00958F68 /* UpdateList.swift */ = {isa = PBXFileReference; lastKnownFileType = sourcecode.swift; path = UpdateList.swift; sourceTree = "<group>"; };
		BD2B873F255C39A00061523B /* FirstApp.app */ = {isa = PBXFileReference; explicitFileType = wrapper.application; includeInIndex = 0; path = FirstApp.app; sourceTree = BUILT_PRODUCTS_DIR; };
		BD2B8742255C39A00061523B /* AppDelegate.swift */ = {isa = PBXFileReference; lastKnownFileType = sourcecode.swift; path = AppDelegate.swift; sourceTree = "<group>"; };
		BD2B8744255C39A00061523B /* SceneDelegate.swift */ = {isa = PBXFileReference; lastKnownFileType = sourcecode.swift; path = SceneDelegate.swift; sourceTree = "<group>"; };
		BD2B8746255C39A00061523B /* ContentView.swift */ = {isa = PBXFileReference; lastKnownFileType = sourcecode.swift; path = ContentView.swift; sourceTree = "<group>"; };
		BD2B8748255C39A10061523B /* Assets.xcassets */ = {isa = PBXFileReference; lastKnownFileType = folder.assetcatalog; path = Assets.xcassets; sourceTree = "<group>"; };
		BD2B874B255C39A10061523B /* Preview Assets.xcassets */ = {isa = PBXFileReference; lastKnownFileType = folder.assetcatalog; path = "Preview Assets.xcassets"; sourceTree = "<group>"; };
		BD2B874E255C39A10061523B /* Base */ = {isa = PBXFileReference; lastKnownFileType = file.storyboard; name = Base; path = Base.lproj/LaunchScreen.storyboard; sourceTree = "<group>"; };
		BD2B8750255C39A10061523B /* Info.plist */ = {isa = PBXFileReference; lastKnownFileType = text.plist.xml; path = Info.plist; sourceTree = "<group>"; };
		BD2B8755255C39A10061523B /* FirstAppTests.xctest */ = {isa = PBXFileReference; explicitFileType = wrapper.cfbundle; includeInIndex = 0; path = FirstAppTests.xctest; sourceTree = BUILT_PRODUCTS_DIR; };
		BD2B8759255C39A10061523B /* FirstAppTests.swift */ = {isa = PBXFileReference; lastKnownFileType = sourcecode.swift; path = FirstAppTests.swift; sourceTree = "<group>"; };
		BD2B875B255C39A10061523B /* Info.plist */ = {isa = PBXFileReference; lastKnownFileType = text.plist.xml; path = Info.plist; sourceTree = "<group>"; };
		BD2B8760255C39A10061523B /* FirstAppUITests.xctest */ = {isa = PBXFileReference; explicitFileType = wrapper.cfbundle; includeInIndex = 0; path = FirstAppUITests.xctest; sourceTree = BUILT_PRODUCTS_DIR; };
		BD2B8764255C39A10061523B /* FirstAppUITests.swift */ = {isa = PBXFileReference; lastKnownFileType = sourcecode.swift; path = FirstAppUITests.swift; sourceTree = "<group>"; };
		BD2B8766255C39A10061523B /* Info.plist */ = {isa = PBXFileReference; lastKnownFileType = text.plist.xml; path = Info.plist; sourceTree = "<group>"; };
		BD653E15255C95D20024748B /* Home.swift */ = {isa = PBXFileReference; lastKnownFileType = sourcecode.swift; path = Home.swift; sourceTree = "<group>"; };
		BD653E1A255C9EF00024748B /* ZoomView.swift */ = {isa = PBXFileReference; lastKnownFileType = sourcecode.swift; path = ZoomView.swift; sourceTree = "<group>"; };
		BD910115255DCF0500903A24 /* UpdateDetail.swift */ = {isa = PBXFileReference; lastKnownFileType = sourcecode.swift; path = UpdateDetail.swift; sourceTree = "<group>"; };
		BD91011A255DD34B00903A24 /* UpdateStore.swift */ = {isa = PBXFileReference; lastKnownFileType = sourcecode.swift; path = UpdateStore.swift; sourceTree = "<group>"; };
		BD91011F255DDA5100903A24 /* TabBar.swift */ = {isa = PBXFileReference; lastKnownFileType = sourcecode.swift; path = TabBar.swift; sourceTree = "<group>"; };
		BDA750D1255F2008008B03F0 /* GridView.swift */ = {isa = PBXFileReference; lastKnownFileType = sourcecode.swift; path = GridView.swift; sourceTree = "<group>"; };
		BDE0822E255C70FC002522FD /* MenuView.swift */ = {isa = PBXFileReference; lastKnownFileType = sourcecode.swift; path = MenuView.swift; sourceTree = "<group>"; };
/* End PBXFileReference section */

/* Begin PBXFrameworksBuildPhase section */
		BD2B873C255C39A00061523B /* Frameworks */ = {
			isa = PBXFrameworksBuildPhase;
			buildActionMask = 2147483647;
			files = (
			);
			runOnlyForDeploymentPostprocessing = 0;
		};
		BD2B8752255C39A10061523B /* Frameworks */ = {
			isa = PBXFrameworksBuildPhase;
			buildActionMask = 2147483647;
			files = (
			);
			runOnlyForDeploymentPostprocessing = 0;
		};
		BD2B875D255C39A10061523B /* Frameworks */ = {
			isa = PBXFrameworksBuildPhase;
			buildActionMask = 2147483647;
			files = (
			);
			runOnlyForDeploymentPostprocessing = 0;
		};
/* End PBXFrameworksBuildPhase section */

/* Begin PBXGroup section */
		485EFF1525631A97007C5143 /* Work_Sans */ = {
			isa = PBXGroup;
			children = (
				485EFF1625631A97007C5143 /* WorkSans-VariableFont_wght.ttf */,
				485EFF1725631A97007C5143 /* static */,
				485EFF2A25631A97007C5143 /* WorkSans-Italic-VariableFont_wght.ttf */,
				485EFF2B25631A97007C5143 /* OFL.txt */,
				485EFF2C25631A97007C5143 /* README.txt */,
			);
			path = Work_Sans;
			sourceTree = "<group>";
		};
		485EFF1725631A97007C5143 /* static */ = {
			isa = PBXGroup;
			children = (
				485EFF1825631A97007C5143 /* WorkSans-Regular.ttf */,
				485EFF1925631A97007C5143 /* WorkSans-Light.ttf */,
				485EFF1A25631A97007C5143 /* WorkSans-ExtraBold.ttf */,
				485EFF1B25631A97007C5143 /* WorkSans-SemiBoldItalic.ttf */,
				485EFF1C25631A97007C5143 /* WorkSans-MediumItalic.ttf */,
				485EFF1D25631A97007C5143 /* WorkSans-BoldItalic.ttf */,
				485EFF1E25631A97007C5143 /* WorkSans-ExtraLight.ttf */,
				485EFF1F25631A97007C5143 /* WorkSans-ThinItalic.ttf */,
				485EFF2025631A97007C5143 /* WorkSans-ExtraLightItalic.ttf */,
				485EFF2125631A97007C5143 /* WorkSans-Medium.ttf */,
				485EFF2225631A97007C5143 /* WorkSans-SemiBold.ttf */,
				485EFF2325631A97007C5143 /* WorkSans-Italic.ttf */,
				485EFF2425631A97007C5143 /* WorkSans-BlackItalic.ttf */,
				485EFF2525631A97007C5143 /* WorkSans-Thin.ttf */,
				485EFF2625631A97007C5143 /* WorkSans-Black.ttf */,
				485EFF2725631A97007C5143 /* WorkSans-LightItalic.ttf */,
				485EFF2825631A97007C5143 /* WorkSans-ExtraBoldItalic.ttf */,
				485EFF2925631A97007C5143 /* WorkSans-Bold.ttf */,
			);
			path = static;
			sourceTree = "<group>";
		};
		BD2B8736255C39A00061523B = {
			isa = PBXGroup;
			children = (
				BD2B8741255C39A00061523B /* FirstApp */,
				BD2B8758255C39A10061523B /* FirstAppTests */,
				BD2B8763255C39A10061523B /* FirstAppUITests */,
				BD2B8740255C39A00061523B /* Products */,
			);
			sourceTree = "<group>";
		};
		BD2B8740255C39A00061523B /* Products */ = {
			isa = PBXGroup;
			children = (
				BD2B873F255C39A00061523B /* FirstApp.app */,
				BD2B8755255C39A10061523B /* FirstAppTests.xctest */,
				BD2B8760255C39A10061523B /* FirstAppUITests.xctest */,
			);
			name = Products;
			sourceTree = "<group>";
		};
		BD2B8741255C39A00061523B /* FirstApp */ = {
			isa = PBXGroup;
			children = (
				BD2B8742255C39A00061523B /* AppDelegate.swift */,
				BD2B8744255C39A00061523B /* SceneDelegate.swift */,
				BD2B8746255C39A00061523B /* ContentView.swift */,
				BDE0822E255C70FC002522FD /* MenuView.swift */,
				BD653E15255C95D20024748B /* Home.swift */,
				BD0273F4255DB6E600958F68 /* HomeView.swift */,
				485EFF0D2563172E007C5143 /* Modifiers.swift */,
				BD0273F9255DC67C00958F68 /* UpdateList.swift */,
				BD91011A255DD34B00903A24 /* UpdateStore.swift */,
				48E9F10A255FE3E800775F6A /* RingView.swift */,
				BD91011F255DDA5100903A24 /* TabBar.swift */,
				BDA750D1255F2008008B03F0 /* GridView.swift */,
				BD910115255DCF0500903A24 /* UpdateDetail.swift */,
				BD653E1A255C9EF00024748B /* ZoomView.swift */,
				BD2B8748255C39A10061523B /* Assets.xcassets */,
				485EFF1525631A97007C5143 /* Work_Sans */,
				BD2B874D255C39A10061523B /* LaunchScreen.storyboard */,
				BD2B8750255C39A10061523B /* Info.plist */,
				BD2B874A255C39A10061523B /* Preview Content */,
			);
			path = FirstApp;
			sourceTree = "<group>";
		};
		BD2B874A255C39A10061523B /* Preview Content */ = {
			isa = PBXGroup;
			children = (
				BD2B874B255C39A10061523B /* Preview Assets.xcassets */,
			);
			path = "Preview Content";
			sourceTree = "<group>";
		};
		BD2B8758255C39A10061523B /* FirstAppTests */ = {
			isa = PBXGroup;
			children = (
				BD2B8759255C39A10061523B /* FirstAppTests.swift */,
				BD2B875B255C39A10061523B /* Info.plist */,
			);
			path = FirstAppTests;
			sourceTree = "<group>";
		};
		BD2B8763255C39A10061523B /* FirstAppUITests */ = {
			isa = PBXGroup;
			children = (
				BD2B8764255C39A10061523B /* FirstAppUITests.swift */,
				BD2B8766255C39A10061523B /* Info.plist */,
			);
			path = FirstAppUITests;
			sourceTree = "<group>";
		};
/* End PBXGroup section */

/* Begin PBXNativeTarget section */
		BD2B873E255C39A00061523B /* FirstApp */ = {
			isa = PBXNativeTarget;
			buildConfigurationList = BD2B8769255C39A10061523B /* Build configuration list for PBXNativeTarget "FirstApp" */;
			buildPhases = (
				BD2B873B255C39A00061523B /* Sources */,
				BD2B873C255C39A00061523B /* Frameworks */,
				BD2B873D255C39A00061523B /* Resources */,
			);
			buildRules = (
			);
			dependencies = (
			);
			name = FirstApp;
			productName = FirstApp;
			productReference = BD2B873F255C39A00061523B /* FirstApp.app */;
			productType = "com.apple.product-type.application";
		};
		BD2B8754255C39A10061523B /* FirstAppTests */ = {
			isa = PBXNativeTarget;
			buildConfigurationList = BD2B876C255C39A10061523B /* Build configuration list for PBXNativeTarget "FirstAppTests" */;
			buildPhases = (
				BD2B8751255C39A10061523B /* Sources */,
				BD2B8752255C39A10061523B /* Frameworks */,
				BD2B8753255C39A10061523B /* Resources */,
			);
			buildRules = (
			);
			dependencies = (
				BD2B8757255C39A10061523B /* PBXTargetDependency */,
			);
			name = FirstAppTests;
			productName = FirstAppTests;
			productReference = BD2B8755255C39A10061523B /* FirstAppTests.xctest */;
			productType = "com.apple.product-type.bundle.unit-test";
		};
		BD2B875F255C39A10061523B /* FirstAppUITests */ = {
			isa = PBXNativeTarget;
			buildConfigurationList = BD2B876F255C39A10061523B /* Build configuration list for PBXNativeTarget "FirstAppUITests" */;
			buildPhases = (
				BD2B875C255C39A10061523B /* Sources */,
				BD2B875D255C39A10061523B /* Frameworks */,
				BD2B875E255C39A10061523B /* Resources */,
			);
			buildRules = (
			);
			dependencies = (
				BD2B8762255C39A10061523B /* PBXTargetDependency */,
			);
			name = FirstAppUITests;
			productName = FirstAppUITests;
			productReference = BD2B8760255C39A10061523B /* FirstAppUITests.xctest */;
			productType = "com.apple.product-type.bundle.ui-testing";
		};
/* End PBXNativeTarget section */

/* Begin PBXProject section */
		BD2B8737255C39A00061523B /* Project object */ = {
			isa = PBXProject;
			attributes = {
				LastSwiftUpdateCheck = 1130;
				LastUpgradeCheck = 1220;
				ORGANIZATIONNAME = Phantom;
				TargetAttributes = {
					BD2B873E255C39A00061523B = {
						CreatedOnToolsVersion = 11.3.1;
					};
					BD2B8754255C39A10061523B = {
						CreatedOnToolsVersion = 11.3.1;
						TestTargetID = BD2B873E255C39A00061523B;
					};
					BD2B875F255C39A10061523B = {
						CreatedOnToolsVersion = 11.3.1;
						TestTargetID = BD2B873E255C39A00061523B;
					};
				};
			};
			buildConfigurationList = BD2B873A255C39A00061523B /* Build configuration list for PBXProject "FirstApp" */;
			compatibilityVersion = "Xcode 9.3";
			developmentRegion = en;
			hasScannedForEncodings = 0;
			knownRegions = (
				en,
				Base,
			);
			mainGroup = BD2B8736255C39A00061523B;
			productRefGroup = BD2B8740255C39A00061523B /* Products */;
			projectDirPath = "";
			projectRoot = "";
			targets = (
				BD2B873E255C39A00061523B /* FirstApp */,
				BD2B8754255C39A10061523B /* FirstAppTests */,
				BD2B875F255C39A10061523B /* FirstAppUITests */,
			);
		};
/* End PBXProject section */

/* Begin PBXResourcesBuildPhase section */
		BD2B873D255C39A00061523B /* Resources */ = {
			isa = PBXResourcesBuildPhase;
			buildActionMask = 2147483647;
			files = (
				485EFF3825631A98007C5143 /* WorkSans-SemiBold.ttf in Resources */,
				BD2B874F255C39A10061523B /* LaunchScreen.storyboard in Resources */,
				485EFF3C25631A98007C5143 /* WorkSans-Black.ttf in Resources */,
				485EFF3225631A98007C5143 /* WorkSans-MediumItalic.ttf in Resources */,
				485EFF3B25631A98007C5143 /* WorkSans-Thin.ttf in Resources */,
				485EFF3125631A98007C5143 /* WorkSans-SemiBoldItalic.ttf in Resources */,
				485EFF4125631A98007C5143 /* OFL.txt in Resources */,
				485EFF3325631A98007C5143 /* WorkSans-BoldItalic.ttf in Resources */,
				485EFF3F25631A98007C5143 /* WorkSans-Bold.ttf in Resources */,
				485EFF2F25631A98007C5143 /* WorkSans-Light.ttf in Resources */,
				485EFF3A25631A98007C5143 /* WorkSans-BlackItalic.ttf in Resources */,
				485EFF3E25631A98007C5143 /* WorkSans-ExtraBoldItalic.ttf in Resources */,
				485EFF3725631A98007C5143 /* WorkSans-Medium.ttf in Resources */,
				485EFF3525631A98007C5143 /* WorkSans-ThinItalic.ttf in Resources */,
				485EFF4225631A98007C5143 /* README.txt in Resources */,
				485EFF3425631A98007C5143 /* WorkSans-ExtraLight.ttf in Resources */,
				485EFF3025631A98007C5143 /* WorkSans-ExtraBold.ttf in Resources */,
				485EFF3925631A98007C5143 /* WorkSans-Italic.ttf in Resources */,
				485EFF4025631A98007C5143 /* WorkSans-Italic-VariableFont_wght.ttf in Resources */,
				485EFF2D25631A98007C5143 /* WorkSans-VariableFont_wght.ttf in Resources */,
				485EFF3625631A98007C5143 /* WorkSans-ExtraLightItalic.ttf in Resources */,
				BD2B874C255C39A10061523B /* Preview Assets.xcassets in Resources */,
				BD2B8749255C39A10061523B /* Assets.xcassets in Resources */,
				485EFF2E25631A98007C5143 /* WorkSans-Regular.ttf in Resources */,
				485EFF3D25631A98007C5143 /* WorkSans-LightItalic.ttf in Resources */,
			);
			runOnlyForDeploymentPostprocessing = 0;
		};
		BD2B8753255C39A10061523B /* Resources */ = {
			isa = PBXResourcesBuildPhase;
			buildActionMask = 2147483647;
			files = (
			);
			runOnlyForDeploymentPostprocessing = 0;
		};
		BD2B875E255C39A10061523B /* Resources */ = {
			isa = PBXResourcesBuildPhase;
			buildActionMask = 2147483647;
			files = (
			);
			runOnlyForDeploymentPostprocessing = 0;
		};
/* End PBXResourcesBuildPhase section */

/* Begin PBXSourcesBuildPhase section */
		BD2B873B255C39A00061523B /* Sources */ = {
			isa = PBXSourcesBuildPhase;
			buildActionMask = 2147483647;
			files = (
				BD2B8743255C39A00061523B /* AppDelegate.swift in Sources */,
				BD0273F5255DB6E600958F68 /* HomeView.swift in Sources */,
				485EFF0E2563172E007C5143 /* Modifiers.swift in Sources */,
				BD910116255DCF0500903A24 /* UpdateDetail.swift in Sources */,
				BD0273FA255DC67C00958F68 /* UpdateList.swift in Sources */,
				BD653E1B255C9EF00024748B /* ZoomView.swift in Sources */,
				BDE0822F255C70FC002522FD /* MenuView.swift in Sources */,
				48E9F10B255FE3E800775F6A /* RingView.swift in Sources */,
				BD91011B255DD34B00903A24 /* UpdateStore.swift in Sources */,
				BD653E16255C95D20024748B /* Home.swift in Sources */,
				BD910120255DDA5100903A24 /* TabBar.swift in Sources */,
				BD2B8745255C39A00061523B /* SceneDelegate.swift in Sources */,
				BDA750D2255F2008008B03F0 /* GridView.swift in Sources */,
				BD2B8747255C39A00061523B /* ContentView.swift in Sources */,
			);
			runOnlyForDeploymentPostprocessing = 0;
		};
		BD2B8751255C39A10061523B /* Sources */ = {
			isa = PBXSourcesBuildPhase;
			buildActionMask = 2147483647;
			files = (
				BD2B875A255C39A10061523B /* FirstAppTests.swift in Sources */,
			);
			runOnlyForDeploymentPostprocessing = 0;
		};
		BD2B875C255C39A10061523B /* Sources */ = {
			isa = PBXSourcesBuildPhase;
			buildActionMask = 2147483647;
			files = (
				BD2B8765255C39A10061523B /* FirstAppUITests.swift in Sources */,
			);
			runOnlyForDeploymentPostprocessing = 0;
		};
/* End PBXSourcesBuildPhase section */

/* Begin PBXTargetDependency section */
		BD2B8757255C39A10061523B /* PBXTargetDependency */ = {
			isa = PBXTargetDependency;
			target = BD2B873E255C39A00061523B /* FirstApp */;
			targetProxy = BD2B8756255C39A10061523B /* PBXContainerItemProxy */;
		};
		BD2B8762255C39A10061523B /* PBXTargetDependency */ = {
			isa = PBXTargetDependency;
			target = BD2B873E255C39A00061523B /* FirstApp */;
			targetProxy = BD2B8761255C39A10061523B /* PBXContainerItemProxy */;
		};
/* End PBXTargetDependency section */

/* Begin PBXVariantGroup section */
		BD2B874D255C39A10061523B /* LaunchScreen.storyboard */ = {
			isa = PBXVariantGroup;
			children = (
				BD2B874E255C39A10061523B /* Base */,
			);
			name = LaunchScreen.storyboard;
			sourceTree = "<group>";
		};
/* End PBXVariantGroup section */

/* Begin XCBuildConfiguration section */
		BD2B8767255C39A10061523B /* Debug */ = {
			isa = XCBuildConfiguration;
			buildSettings = {
				ALWAYS_SEARCH_USER_PATHS = NO;
				CLANG_ANALYZER_NONNULL = YES;
				CLANG_ANALYZER_NUMBER_OBJECT_CONVERSION = YES_AGGRESSIVE;
				CLANG_CXX_LANGUAGE_STANDARD = "gnu++14";
				CLANG_CXX_LIBRARY = "libc++";
				CLANG_ENABLE_MODULES = YES;
				CLANG_ENABLE_OBJC_ARC = YES;
				CLANG_ENABLE_OBJC_WEAK = YES;
				CLANG_WARN_BLOCK_CAPTURE_AUTORELEASING = YES;
				CLANG_WARN_BOOL_CONVERSION = YES;
				CLANG_WARN_COMMA = YES;
				CLANG_WARN_CONSTANT_CONVERSION = YES;
				CLANG_WARN_DEPRECATED_OBJC_IMPLEMENTATIONS = YES;
				CLANG_WARN_DIRECT_OBJC_ISA_USAGE = YES_ERROR;
				CLANG_WARN_DOCUMENTATION_COMMENTS = YES;
				CLANG_WARN_EMPTY_BODY = YES;
				CLANG_WARN_ENUM_CONVERSION = YES;
				CLANG_WARN_INFINITE_RECURSION = YES;
				CLANG_WARN_INT_CONVERSION = YES;
				CLANG_WARN_NON_LITERAL_NULL_CONVERSION = YES;
				CLANG_WARN_OBJC_IMPLICIT_RETAIN_SELF = YES;
				CLANG_WARN_OBJC_LITERAL_CONVERSION = YES;
				CLANG_WARN_OBJC_ROOT_CLASS = YES_ERROR;
				CLANG_WARN_QUOTED_INCLUDE_IN_FRAMEWORK_HEADER = YES;
				CLANG_WARN_RANGE_LOOP_ANALYSIS = YES;
				CLANG_WARN_STRICT_PROTOTYPES = YES;
				CLANG_WARN_SUSPICIOUS_MOVE = YES;
				CLANG_WARN_UNGUARDED_AVAILABILITY = YES_AGGRESSIVE;
				CLANG_WARN_UNREACHABLE_CODE = YES;
				CLANG_WARN__DUPLICATE_METHOD_MATCH = YES;
				COPY_PHASE_STRIP = NO;
				DEBUG_INFORMATION_FORMAT = dwarf;
				ENABLE_STRICT_OBJC_MSGSEND = YES;
				ENABLE_TESTABILITY = YES;
				GCC_C_LANGUAGE_STANDARD = gnu11;
				GCC_DYNAMIC_NO_PIC = NO;
				GCC_NO_COMMON_BLOCKS = YES;
				GCC_OPTIMIZATION_LEVEL = 0;
				GCC_PREPROCESSOR_DEFINITIONS = (
					"DEBUG=1",
					"$(inherited)",
				);
				GCC_WARN_64_TO_32_BIT_CONVERSION = YES;
				GCC_WARN_ABOUT_RETURN_TYPE = YES_ERROR;
				GCC_WARN_UNDECLARED_SELECTOR = YES;
				GCC_WARN_UNINITIALIZED_AUTOS = YES_AGGRESSIVE;
				GCC_WARN_UNUSED_FUNCTION = YES;
				GCC_WARN_UNUSED_VARIABLE = YES;
				IPHONEOS_DEPLOYMENT_TARGET = 13.2;
				MTL_ENABLE_DEBUG_INFO = INCLUDE_SOURCE;
				MTL_FAST_MATH = YES;
				ONLY_ACTIVE_ARCH = YES;
				SDKROOT = iphoneos;
				SWIFT_ACTIVE_COMPILATION_CONDITIONS = DEBUG;
				SWIFT_OPTIMIZATION_LEVEL = "-Onone";
			};
			name = Debug;
		};
		BD2B8768255C39A10061523B /* Release */ = {
			isa = XCBuildConfiguration;
			buildSettings = {
				ALWAYS_SEARCH_USER_PATHS = NO;
				CLANG_ANALYZER_NONNULL = YES;
				CLANG_ANALYZER_NUMBER_OBJECT_CONVERSION = YES_AGGRESSIVE;
				CLANG_CXX_LANGUAGE_STANDARD = "gnu++14";
				CLANG_CXX_LIBRARY = "libc++";
				CLANG_ENABLE_MODULES = YES;
				CLANG_ENABLE_OBJC_ARC = YES;
				CLANG_ENABLE_OBJC_WEAK = YES;
				CLANG_WARN_BLOCK_CAPTURE_AUTORELEASING = YES;
				CLANG_WARN_BOOL_CONVERSION = YES;
				CLANG_WARN_COMMA = YES;
				CLANG_WARN_CONSTANT_CONVERSION = YES;
				CLANG_WARN_DEPRECATED_OBJC_IMPLEMENTATIONS = YES;
				CLANG_WARN_DIRECT_OBJC_ISA_USAGE = YES_ERROR;
				CLANG_WARN_DOCUMENTATION_COMMENTS = YES;
				CLANG_WARN_EMPTY_BODY = YES;
				CLANG_WARN_ENUM_CONVERSION = YES;
				CLANG_WARN_INFINITE_RECURSION = YES;
				CLANG_WARN_INT_CONVERSION = YES;
				CLANG_WARN_NON_LITERAL_NULL_CONVERSION = YES;
				CLANG_WARN_OBJC_IMPLICIT_RETAIN_SELF = YES;
				CLANG_WARN_OBJC_LITERAL_CONVERSION = YES;
				CLANG_WARN_OBJC_ROOT_CLASS = YES_ERROR;
				CLANG_WARN_QUOTED_INCLUDE_IN_FRAMEWORK_HEADER = YES;
				CLANG_WARN_RANGE_LOOP_ANALYSIS = YES;
				CLANG_WARN_STRICT_PROTOTYPES = YES;
				CLANG_WARN_SUSPICIOUS_MOVE = YES;
				CLANG_WARN_UNGUARDED_AVAILABILITY = YES_AGGRESSIVE;
				CLANG_WARN_UNREACHABLE_CODE = YES;
				CLANG_WARN__DUPLICATE_METHOD_MATCH = YES;
				COPY_PHASE_STRIP = NO;
				DEBUG_INFORMATION_FORMAT = "dwarf-with-dsym";
				ENABLE_NS_ASSERTIONS = NO;
				ENABLE_STRICT_OBJC_MSGSEND = YES;
				GCC_C_LANGUAGE_STANDARD = gnu11;
				GCC_NO_COMMON_BLOCKS = YES;
				GCC_WARN_64_TO_32_BIT_CONVERSION = YES;
				GCC_WARN_ABOUT_RETURN_TYPE = YES_ERROR;
				GCC_WARN_UNDECLARED_SELECTOR = YES;
				GCC_WARN_UNINITIALIZED_AUTOS = YES_AGGRESSIVE;
				GCC_WARN_UNUSED_FUNCTION = YES;
				GCC_WARN_UNUSED_VARIABLE = YES;
				IPHONEOS_DEPLOYMENT_TARGET = 13.2;
				MTL_ENABLE_DEBUG_INFO = NO;
				MTL_FAST_MATH = YES;
				SDKROOT = iphoneos;
				SWIFT_COMPILATION_MODE = wholemodule;
				SWIFT_OPTIMIZATION_LEVEL = "-O";
				VALIDATE_PRODUCT = YES;
			};
			name = Release;
		};
		BD2B876A255C39A10061523B /* Debug */ = {
			isa = XCBuildConfiguration;
			buildSettings = {
				ASSETCATALOG_COMPILER_APPICON_NAME = AppIcon;
				CODE_SIGN_STYLE = Automatic;
				DEVELOPMENT_ASSET_PATHS = "\"FirstApp/Preview Content\"";
				DEVELOPMENT_TEAM = 43UZRGZ9ML;
				ENABLE_PREVIEWS = YES;
				INFOPLIST_FILE = FirstApp/Info.plist;
				LD_RUNPATH_SEARCH_PATHS = (
					"$(inherited)",
					"@executable_path/Frameworks",
				);
				PRODUCT_BUNDLE_IDENTIFIER = com.phantom.FirstApp;
				PRODUCT_NAME = "$(TARGET_NAME)";
				SWIFT_VERSION = 5.0;
				TARGETED_DEVICE_FAMILY = "1,2";
			};
			name = Debug;
		};
		BD2B876B255C39A10061523B /* Release */ = {
			isa = XCBuildConfiguration;
			buildSettings = {
				ASSETCATALOG_COMPILER_APPICON_NAME = AppIcon;
				CODE_SIGN_STYLE = Automatic;
				DEVELOPMENT_ASSET_PATHS = "\"FirstApp/Preview Content\"";
				DEVELOPMENT_TEAM = 43UZRGZ9ML;
				ENABLE_PREVIEWS = YES;
				INFOPLIST_FILE = FirstApp/Info.plist;
				LD_RUNPATH_SEARCH_PATHS = (
					"$(inherited)",
					"@executable_path/Frameworks",
				);
				PRODUCT_BUNDLE_IDENTIFIER = com.phantom.FirstApp;
				PRODUCT_NAME = "$(TARGET_NAME)";
				SWIFT_VERSION = 5.0;
				TARGETED_DEVICE_FAMILY = "1,2";
			};
			name = Release;
		};
		BD2B876D255C39A10061523B /* Debug */ = {
			isa = XCBuildConfiguration;
			buildSettings = {
				ALWAYS_EMBED_SWIFT_STANDARD_LIBRARIES = YES;
				BUNDLE_LOADER = "$(TEST_HOST)";
				CODE_SIGN_STYLE = Automatic;
				INFOPLIST_FILE = FirstAppTests/Info.plist;
				IPHONEOS_DEPLOYMENT_TARGET = 13.2;
				LD_RUNPATH_SEARCH_PATHS = (
					"$(inherited)",
					"@executable_path/Frameworks",
					"@loader_path/Frameworks",
				);
				PRODUCT_BUNDLE_IDENTIFIER = com.phantom.FirstAppTests;
				PRODUCT_NAME = "$(TARGET_NAME)";
				SWIFT_VERSION = 5.0;
				TARGETED_DEVICE_FAMILY = "1,2";
				TEST_HOST = "$(BUILT_PRODUCTS_DIR)/FirstApp.app/FirstApp";
			};
			name = Debug;
		};
		BD2B876E255C39A10061523B /* Release */ = {
			isa = XCBuildConfiguration;
			buildSettings = {
				ALWAYS_EMBED_SWIFT_STANDARD_LIBRARIES = YES;
				BUNDLE_LOADER = "$(TEST_HOST)";
				CODE_SIGN_STYLE = Automatic;
				INFOPLIST_FILE = FirstAppTests/Info.plist;
				IPHONEOS_DEPLOYMENT_TARGET = 13.2;
				LD_RUNPATH_SEARCH_PATHS = (
					"$(inherited)",
					"@executable_path/Frameworks",
					"@loader_path/Frameworks",
				);
				PRODUCT_BUNDLE_IDENTIFIER = com.phantom.FirstAppTests;
				PRODUCT_NAME = "$(TARGET_NAME)";
				SWIFT_VERSION = 5.0;
				TARGETED_DEVICE_FAMILY = "1,2";
				TEST_HOST = "$(BUILT_PRODUCTS_DIR)/FirstApp.app/FirstApp";
			};
			name = Release;
		};
		BD2B8770255C39A10061523B /* Debug */ = {
			isa = XCBuildConfiguration;
			buildSettings = {
				ALWAYS_EMBED_SWIFT_STANDARD_LIBRARIES = YES;
				CODE_SIGN_STYLE = Automatic;
				INFOPLIST_FILE = FirstAppUITests/Info.plist;
				LD_RUNPATH_SEARCH_PATHS = (
					"$(inherited)",
					"@executable_path/Frameworks",
					"@loader_path/Frameworks",
				);
				PRODUCT_BUNDLE_IDENTIFIER = com.phantom.FirstAppUITests;
				PRODUCT_NAME = "$(TARGET_NAME)";
				SWIFT_VERSION = 5.0;
				TARGETED_DEVICE_FAMILY = "1,2";
				TEST_TARGET_NAME = FirstApp;
			};
			name = Debug;
		};
		BD2B8771255C39A10061523B /* Release */ = {
			isa = XCBuildConfiguration;
			buildSettings = {
				ALWAYS_EMBED_SWIFT_STANDARD_LIBRARIES = YES;
				CODE_SIGN_STYLE = Automatic;
				INFOPLIST_FILE = FirstAppUITests/Info.plist;
				LD_RUNPATH_SEARCH_PATHS = (
					"$(inherited)",
					"@executable_path/Frameworks",
					"@loader_path/Frameworks",
				);
				PRODUCT_BUNDLE_IDENTIFIER = com.phantom.FirstAppUITests;
				PRODUCT_NAME = "$(TARGET_NAME)";
				SWIFT_VERSION = 5.0;
				TARGETED_DEVICE_FAMILY = "1,2";
				TEST_TARGET_NAME = FirstApp;
			};
			name = Release;
		};
/* End XCBuildConfiguration section */

/* Begin XCConfigurationList section */
		BD2B873A255C39A00061523B /* Build configuration list for PBXProject "FirstApp" */ = {
			isa = XCConfigurationList;
			buildConfigurations = (
				BD2B8767255C39A10061523B /* Debug */,
				BD2B8768255C39A10061523B /* Release */,
			);
			defaultConfigurationIsVisible = 0;
			defaultConfigurationName = Release;
		};
		BD2B8769255C39A10061523B /* Build configuration list for PBXNativeTarget "FirstApp" */ = {
			isa = XCConfigurationList;
			buildConfigurations = (
				BD2B876A255C39A10061523B /* Debug */,
				BD2B876B255C39A10061523B /* Release */,
			);
			defaultConfigurationIsVisible = 0;
			defaultConfigurationName = Release;
		};
		BD2B876C255C39A10061523B /* Build configuration list for PBXNativeTarget "FirstAppTests" */ = {
			isa = XCConfigurationList;
			buildConfigurations = (
				BD2B876D255C39A10061523B /* Debug */,
				BD2B876E255C39A10061523B /* Release */,
			);
			defaultConfigurationIsVisible = 0;
			defaultConfigurationName = Release;
		};
		BD2B876F255C39A10061523B /* Build configuration list for PBXNativeTarget "FirstAppUITests" */ = {
			isa = XCConfigurationList;
			buildConfigurations = (
				BD2B8770255C39A10061523B /* Debug */,
				BD2B8771255C39A10061523B /* Release */,
			);
			defaultConfigurationIsVisible = 0;
			defaultConfigurationName = Release;
		};
/* End XCConfigurationList section */
	};
	rootObject = BD2B8737255C39A00061523B /* Project object */;
}
